speakeasyVersion: 1.573.0
sources:
    Cribl API Reference:
        sourceNamespace: cribl-api-reference
        sourceRevisionDigest: sha256:5fc5a6d669459cb72c9ac1eecb2cf6c5a721b020a4409368ab526e35c90b1655
        sourceBlobDigest: sha256:8aba1cece107defabe75ae491b8d5df28b7b794b15c65142107285bdc24a878d
        tags:
            - latest
            - 4.12.2-4b17c8d4
targets:
    cribl-control-plane:
        source: Cribl API Reference
        sourceNamespace: cribl-api-reference
        sourceRevisionDigest: sha256:5fc5a6d669459cb72c9ac1eecb2cf6c5a721b020a4409368ab526e35c90b1655
        sourceBlobDigest: sha256:8aba1cece107defabe75ae491b8d5df28b7b794b15c65142107285bdc24a878d
        codeSamplesNamespace: cribl-api-reference-typescript-code-samples
        codeSamplesRevisionDigest: sha256:b604477499641e24da042003112b705fb0745118adc30e47cca252580c25ddb9
workflow:
    workflowVersion: 1.0.0
    speakeasyVersion: 1.573.0
    sources:
        Cribl API Reference:
            inputs:
                - location: ./openapi.yml
            output: .speakeasy/out.openapi.yaml
            registry:
                location: registry.speakeasyapi.dev/cribl/cribl/cribl-api-reference
    targets:
        cribl-control-plane:
            target: typescript
            source: Cribl API Reference
            codeSamples:
                registry:
                    location: registry.speakeasyapi.dev/cribl/cribl/cribl-api-reference-typescript-code-samples
                labelOverride:
                    fixedValue: Typescript (SDK)
                blocking: false
