speakeasyVersion: 1.581.0
sources:
    Cribl API Reference:
        sourceNamespace: cribl-api-reference
        sourceRevisionDigest: sha256:b4c0d5d62a2e5cd3a7ec1385d40f721b14848e8ce9cd5b3af438a4f59a470321
        sourceBlobDigest: sha256:835e3724a4159fd5643f9af00f7a6df4d06b4808aaf3d8111f86cb19528ca26a
        tags:
            - latest
            - speakeasy-sdk-regen-1752480950
            - 4.12.2-4b17c8d4
targets:
    cribl-control-plane:
        source: Cribl API Reference
        sourceNamespace: cribl-api-reference
        sourceRevisionDigest: sha256:b4c0d5d62a2e5cd3a7ec1385d40f721b14848e8ce9cd5b3af438a4f59a470321
        sourceBlobDigest: sha256:835e3724a4159fd5643f9af00f7a6df4d06b4808aaf3d8111f86cb19528ca26a
        codeSamplesNamespace: cribl-api-reference-typescript-code-samples
        codeSamplesRevisionDigest: sha256:c31cec4e661932cf135d7291094d12ff0e92fcce30a917546694b916bf00ecfd
workflow:
    workflowVersion: 1.0.0
    speakeasyVersion: 1.581.0
    sources:
        Cribl API Reference:
            inputs:
                - location: ./openapi.yml
            output: .speakeasy/out.openapi.yaml
            registry:
                location: registry.speakeasyapi.dev/cribl/cribl/cribl-api-reference
    targets:
        cribl-control-plane:
            target: typescript
            source: Cribl API Reference
            publish:
                npm:
                    token: $npm_token
            codeSamples:
                registry:
                    location: registry.speakeasyapi.dev/cribl/cribl/cribl-api-reference-typescript-code-samples
                labelOverride:
                    fixedValue: Typescript (SDK)
                blocking: false
            testing:
                enabled: true
