speakeasyVersion: 1.575.0
sources:
    Cribl API Reference:
        sourceNamespace: cribl-api-reference
        sourceRevisionDigest: sha256:e0c1d7a319a2d8f450e2c35b29709a704a8699dd6a58d6549c12d21e0d753b1c
        sourceBlobDigest: sha256:481ef00e9b45e11b89042769209f192fd02ad045b445303e77f67ec44a480c2a
        tags:
            - latest
            - 4.12.2-4b17c8d4
targets:
    cribl-control-plane:
        source: Cribl API Reference
        sourceNamespace: cribl-api-reference
        sourceRevisionDigest: sha256:e0c1d7a319a2d8f450e2c35b29709a704a8699dd6a58d6549c12d21e0d753b1c
        sourceBlobDigest: sha256:481ef00e9b45e11b89042769209f192fd02ad045b445303e77f67ec44a480c2a
        codeSamplesNamespace: cribl-api-reference-typescript-code-samples
        codeSamplesRevisionDigest: sha256:d0beb350cea17f3a869a4b8c84ab82c682aaaf57fb95c991265ca0ac052642d2
workflow:
    workflowVersion: 1.0.0
    speakeasyVersion: 1.574.1
    sources:
        Cribl API Reference:
            inputs:
                - location: ./openapi.yml
            output: .speakeasy/out.openapi.yaml
            registry:
                location: registry.speakeasyapi.dev/cribl/cribl/cribl-api-reference
    targets:
        cribl-control-plane:
            target: typescript
            source: Cribl API Reference
            codeSamples:
                registry:
                    location: registry.speakeasyapi.dev/cribl/cribl/cribl-api-reference-typescript-code-samples
                labelOverride:
                    fixedValue: Typescript (SDK)
                blocking: false
            testing:
                enabled: true
